{
  "name": "web-interface",
  "lockfileVersion": 3,
  "requires": true,
  "packages": {
    "": {
      "dependencies": {
        "create-next-app": "^14.1.1"
      }
    },
    "node_modules/create-next-app": {
      "version": "14.1.1",
      "resolved": "https://registry.npmjs.org/create-next-app/-/create-next-app-14.1.1.tgz",
      "integrity": "sha512-ZiJZc9p8SyrUFoRuthRiuhNORKbSTrs337UNet7ZCOHN+Sk/GrF+bgHUO1MH7wXBwhPDQBF+TkjEM2TPRpCB6w==",
      "bin": {
        "create-next-app": "dist/index.js"
      },
      "engines": {
        "node": ">=18.17.0"
      }
    }
  }
}
